PODS:
  - atomic_transact_flutter (2.7.1):
    - AtomicSDK (= 2.7.1)
    - Flutter
  - AtomicSDK (2.7.1):
    - AtomicSDK/AtomicTransact (= 2.7.1)
  - AtomicSDK/AtomicTransact (2.7.1)
  - Flutter (1.0.0)

DEPENDENCIES:
  - atomic_transact_flutter (from `.symlinks/plugins/atomic_transact_flutter/ios`)
  - Flutter (from `Flutter`)

SPEC REPOS:
  trunk:
    - AtomicSDK

EXTERNAL SOURCES:
  atomic_transact_flutter:
    :path: ".symlinks/plugins/atomic_transact_flutter/ios"
  Flutter:
    :path: Flutter

SPEC CHECKSUMS:
  atomic_transact_flutter: 9e36333bec5315665cc713e26156bb475dd5a690
  AtomicSDK: 5f5e5f44d5e4e7c3253717ed1bc7d7e9c28e00ac
  Flutter: f04841e97a9d0b0a8025694d0796dd46242b2854

PODFILE CHECKSUM: 775997f741c536251164e3eacf6e34abf2eb7a17

COCOAPODS: 1.11.3
