PODS:
  - atomic_transact_flutter (2.7.0):
    - AtomicSDK (= 2.7.0)
    - Flutter
  - AtomicSDK (2.7.0):
    - AtomicSDK/AtomicTransact (= 2.7.0)
  - AtomicSDK/AtomicTransact (2.7.0)
  - Flutter (1.0.0)

DEPENDENCIES:
  - atomic_transact_flutter (from `.symlinks/plugins/atomic_transact_flutter/ios`)
  - Flutter (from `Flutter`)

SPEC REPOS:
  trunk:
    - AtomicSDK

EXTERNAL SOURCES:
  atomic_transact_flutter:
    :path: ".symlinks/plugins/atomic_transact_flutter/ios"
  Flutter:
    :path: Flutter

SPEC CHECKSUMS:
  atomic_transact_flutter: 4d2adaa237fd8ce2664252eeba12292601d3285b
  AtomicSDK: c34f40c7f85980800afa09211bbddc78da8de7e2
  Flutter: 50d75fe2f02b26cc09d224853bb45737f8b3214a

PODFILE CHECKSUM: 775997f741c536251164e3eacf6e34abf2eb7a17

COCOAPODS: 1.11.3
