PODS:
  - atomic_transact_flutter (3.10.0):
    - AtomicSDK (= 3.20.0)
    - Flutter
  - AtomicSDK (3.20.0)
  - Flutter (1.0.0)

DEPENDENCIES:
  - atomic_transact_flutter (from `.symlinks/plugins/atomic_transact_flutter/ios`)
  - Flutter (from `Flutter`)

SPEC REPOS:
  trunk:
    - AtomicSDK

EXTERNAL SOURCES:
  atomic_transact_flutter:
    :path: ".symlinks/plugins/atomic_transact_flutter/ios"
  Flutter:
    :path: Flutter

SPEC CHECKSUMS:
  atomic_transact_flutter: 5b0dd17ef098f9d5d4801c423717f144a5a37242
  AtomicSDK: 0f28dc75a8dcc75bb4ee62bda65e9436e3cfaf7f
  Flutter: e0871f40cf51350855a761d2e70bf5af5b9b5de7

PODFILE CHECKSUM: 775997f741c536251164e3eacf6e34abf2eb7a17

COCOAPODS: 1.16.2
