{
  "pins" : [
    {
      "identity" : "atomic-transact-ios",
      "kind" : "remoteSourceControl",
      "location" : "https://github.com/atomicfi/atomic-transact-ios.git",
      "state" : {
        "revision" : "11bbbf4b427fb8a7e01db1c3f66448b71ab21581",
        "version" : "3.36.0"
      }
    }
  ],
  "version" : 2
}
