{
  "pins" : [
    {
      "identity" : "atomic-transact-ios",
      "kind" : "remoteSourceControl",
      "location" : "https://github.com/atomicfi/atomic-transact-ios.git",
      "state" : {
        "revision" : "de63a303a05595e1e36489702962d0774e66946e",
        "version" : "3.35.3"
      }
    }
  ],
  "version" : 2
}
