{
  "pins" : [
    {
      "identity" : "atomic-transact-ios",
      "kind" : "remoteSourceControl",
      "location" : "https://github.com/atomicfi/atomic-transact-ios.git",
      "state" : {
        "revision" : "bb1a593b56a4b4eecda6e44a517925a3c24a6532",
        "version" : "3.31.0"
      }
    }
  ],
  "version" : 2
}
