{
  "pins" : [
    {
      "identity" : "atomic-transact-ios",
      "kind" : "remoteSourceControl",
      "location" : "https://github.com/atomicfi/atomic-transact-ios.git",
      "state" : {
        "revision" : "1feb0565670b8f659ec6b671fb6b68cd502f5aeb",
        "version" : "3.29.0"
      }
    }
  ],
  "version" : 2
}
