{
  "pins" : [
    {
      "identity" : "atomic-transact-ios",
      "kind" : "remoteSourceControl",
      "location" : "https://github.com/atomicfi/atomic-transact-ios.git",
      "state" : {
        "revision" : "c60a3f6edfcd73a456e853b14637b8bde2b13591",
        "version" : "3.30.0"
      }
    }
  ],
  "version" : 2
}
