{
  "pins" : [
    {
      "identity" : "atomic-transact-ios",
      "kind" : "remoteSourceControl",
      "location" : "https://github.com/atomicfi/atomic-transact-ios.git",
      "state" : {
        "revision" : "8505b54cb6a355888f09940d0629bb7a716ce245",
        "version" : "3.35.0"
      }
    }
  ],
  "version" : 2
}
